// !$*UTF8*$!
{
	archiveVersion = 1;
	classes = {
	};
	objectVersion = 90;
	objects = {

/* Begin PBXBuildFile section */
		A01 /* GramfixApp.swift in Sources */ = {isa = PBXBuildFile; fileRef = B01 /* GramfixApp.swift */; };
		A02 /* ContentView.swift in Sources */ = {isa = PBXBuildFile; fileRef = B02 /* ContentView.swift */; };
		A03 /* Assets.xcassets in Resources */ = {isa = PBXBuildFile; fileRef = B03 /* Assets.xcassets */; };
		A04 /* ClipboardItem.swift in Sources */ = {isa = PBXBuildFile; fileRef = B04 /* ClipboardItem.swift */; };
		A05 /* ClipboardManager.swift in Sources */ = {isa = PBXBuildFile; fileRef = B05 /* ClipboardManager.swift */; };
		A06 /* ClipboardRow.swift in Sources */ = {isa = PBXBuildFile; fileRef = B06 /* ClipboardRow.swift */; };
		A07 /* SearchBar.swift in Sources */ = {isa = PBXBuildFile; fileRef = B07 /* SearchBar.swift */; };
		A08 /* Styling.swift in Sources */ = {isa = PBXBuildFile; fileRef = B08 /* Styling.swift */; };
		A09 /* PreviewPane.swift in Sources */ = {isa = PBXBuildFile; fileRef = B11 /* PreviewPane.swift */; };
		A10 /* LLMService.swift in Sources */ = {isa = PBXBuildFile; fileRef = B12 /* LLMService.swift */; };
		A14 /* LLMSettings.swift in Sources */ = {isa = PBXBuildFile; fileRef = B14 /* LLMSettings.swift */; };
		A15 /* SettingsView.swift in Sources */ = {isa = PBXBuildFile; fileRef = B15 /* SettingsView.swift */; };
		D51F95602EF8E2C70019A164 /* PasteService.swift in Sources */ = {isa = PBXBuildFile; fileRef = D51F955F2EF8E2C70019A164 /* PasteService.swift */; };
		D51F95672EF8F1230019A164 /* AccessibilityService.swift in Sources */ = {isa = PBXBuildFile; fileRef = D51F95652EF8F1230019A164 /* AccessibilityService.swift */; };
		D56FD7F12F015C7D00E99CB6 /* MLXLLM in Frameworks */ = {isa = PBXBuildFile; productRef = D573EB172EF9F87900D03FAE /* MLXLLM */; };
		D56FD7F32F0213CE00E99CB6 /* AccessibilityAlertCoordinator.swift in Sources */ = {isa = PBXBuildFile; fileRef = D56FD7F22F0213CE00E99CB6 /* AccessibilityAlertCoordinator.swift */; };
		D56FD7F42F0213CE00E99CB6 /* AccessibilityAlertCoordinator.swift in Sources */ = {isa = PBXBuildFile; fileRef = D56FD7F22F0213CE00E99CB6 /* AccessibilityAlertCoordinator.swift */; };
		D56FD7F62F02165C00E99CB6 /* CustomAlertView.swift in Sources */ = {isa = PBXBuildFile; fileRef = D56FD7F52F02165C00E99CB6 /* CustomAlertView.swift */; };
		D56FD7F72F02165C00E99CB6 /* CustomAlertView.swift in Sources */ = {isa = PBXBuildFile; fileRef = D56FD7F52F02165C00E99CB6 /* CustomAlertView.swift */; };
		D573EAF92EF9F56600D03FAE /* Hub in Frameworks */ = {isa = PBXBuildFile; productRef = D573EAF82EF9F56600D03FAE /* Hub */; };
		D573EAFB2EF9F56600D03FAE /* Tokenizers in Frameworks */ = {isa = PBXBuildFile; productRef = D573EAFA2EF9F56600D03FAE /* Tokenizers */; };
		D573EAFD2EF9F56600D03FAE /* Transformers in Frameworks */ = {isa = PBXBuildFile; productRef = D573EAFC2EF9F56600D03FAE /* Transformers */; };
		D573EB002EF9F58300D03FAE /* MLX in Frameworks */ = {isa = PBXBuildFile; productRef = D573EAFF2EF9F58300D03FAE /* MLX */; };
		D573EB022EF9F58300D03FAE /* MLXFFT in Frameworks */ = {isa = PBXBuildFile; productRef = D573EB012EF9F58300D03FAE /* MLXFFT */; };
		D573EB042EF9F58300D03FAE /* MLXFast in Frameworks */ = {isa = PBXBuildFile; productRef = D573EB032EF9F58300D03FAE /* MLXFast */; };
		D573EB062EF9F58300D03FAE /* MLXLinalg in Frameworks */ = {isa = PBXBuildFile; productRef = D573EB052EF9F58300D03FAE /* MLXLinalg */; };
		D573EB082EF9F58300D03FAE /* MLXNN in Frameworks */ = {isa = PBXBuildFile; productRef = D573EB072EF9F58300D03FAE /* MLXNN */; };
		D573EB0B2EF9F5C300D03FAE /* MLXService.swift in Sources */ = {isa = PBXBuildFile; fileRef = D573EB0A2EF9F5C300D03FAE /* MLXService.swift */; };
		D573EB112EF9F78C00D03FAE /* MLXOptimizers in Frameworks */ = {isa = PBXBuildFile; productRef = D573EB102EF9F78C00D03FAE /* MLXOptimizers */; };
		D573EB132EF9F78C00D03FAE /* MLXRandom in Frameworks */ = {isa = PBXBuildFile; productRef = D573EB122EF9F78C00D03FAE /* MLXRandom */; };
		D573EB162EF9F87900D03FAE /* MLXEmbedders in Frameworks */ = {isa = PBXBuildFile; productRef = D573EB152EF9F87900D03FAE /* MLXEmbedders */; };
		D573EB1A2EF9F87900D03FAE /* MLXLMCommon in Frameworks */ = {isa = PBXBuildFile; productRef = D573EB192EF9F87900D03FAE /* MLXLMCommon */; };
		D573EB1F2EF9FCDE00D03FAE /* LMModel.swift in Sources */ = {isa = PBXBuildFile; fileRef = D573EB1D2EF9FCDE00D03FAE /* LMModel.swift */; };
		D573EB2E2EFA008D00D03FAE /* HubApi+default.swift in Sources */ = {isa = PBXBuildFile; fileRef = D573EB2B2EFA008D00D03FAE /* HubApi+default.swift */; };
		D5C9EB7D2EFA10DF0066FE10 /* ComplexModule in Frameworks */ = {isa = PBXBuildFile; productRef = D5C9EB7C2EFA10DF0066FE10 /* ComplexModule */; };
		D5C9EB7F2EFA10DF0066FE10 /* Numerics in Frameworks */ = {isa = PBXBuildFile; productRef = D5C9EB7E2EFA10DF0066FE10 /* Numerics */; };
		D5C9EB812EFA10DF0066FE10 /* RealModule in Frameworks */ = {isa = PBXBuildFile; productRef = D5C9EB802EFA10DF0066FE10 /* RealModule */; };
		D5C9EB842EFAC67D0066FE10 /* KeyboardShortcuts in Frameworks */ = {isa = PBXBuildFile; productRef = D5C9EB832EFAC67D0066FE10 /* KeyboardShortcuts */; };
		D5C9EB872EFAC7FD0066FE10 /* KeyboardShortcuts+Names.swift in Sources */ = {isa = PBXBuildFile; fileRef = D5C9EB852EFAC7FD0066FE10 /* KeyboardShortcuts+Names.swift */; };
		D5C9EB892EFAD08A0066FE10 /* MLXProviderTests.swift in Sources */ = {isa = PBXBuildFile; fileRef = D5C9EB882EFAD08A0066FE10 /* MLXProviderTests.swift */; };
		D5C9EB8D2EFAEEA30066FE10 /* LLMProviderImpl.swift in Sources */ = {isa = PBXBuildFile; fileRef = D5C9EB8A2EFAEEA30066FE10 /* LLMProviderImpl.swift */; };
		D5C9EB8E2EFAEEA30066FE10 /* MLXClient.swift in Sources */ = {isa = PBXBuildFile; fileRef = D5C9EB8B2EFAEEA30066FE10 /* MLXClient.swift */; };
		D5C9EB8F2EFAEEA30066FE10 /* OllamaClient.swift in Sources */ = {isa = PBXBuildFile; fileRef = D5C9EB8C2EFAEEA30066FE10 /* OllamaClient.swift */; };
		D5C9EB942EFAEECC0066FE10 /* LLMProviderImplTests.swift in Sources */ = {isa = PBXBuildFile; fileRef = D5C9EB932EFAEECC0066FE10 /* LLMProviderImplTests.swift */; };
		D5C9EB9B2EFB69FE0066FE10 /* Sparkle in Frameworks */ = {isa = PBXBuildFile; productRef = D5C9EB9A2EFB69FE0066FE10 /* Sparkle */; };
		D5C9EB9E2EFB6A100066FE10 /* UpdateService.swift in Sources */ = {isa = PBXBuildFile; fileRef = D5C9EB9C2EFB6A100066FE10 /* UpdateService.swift */; };
		D5C9EBA12EFB6A1D0066FE10 /* CheckForUpdatesView.swift in Sources */ = {isa = PBXBuildFile; fileRef = D5C9EB9F2EFB6A1D0066FE10 /* CheckForUpdatesView.swift */; };
		D5C9EBA42EFB84BF0066FE10 /* ClipboardPersistence.swift in Sources */ = {isa = PBXBuildFile; fileRef = D5C9EBA22EFB84BF0066FE10 /* ClipboardPersistence.swift */; };
		D5C9EBA72EFC38F20066FE10 /* MenuBarView.swift in Sources */ = {isa = PBXBuildFile; fileRef = D5C9EBA52EFC38F20066FE10 /* MenuBarView.swift */; };
		D5C9EBA92EFC45040066FE10 /* AppIcon.icon in Resources */ = {isa = PBXBuildFile; fileRef = D5C9EBA82EFC45040066FE10 /* AppIcon.icon */; };
		D5C9EBAB2EFC63870066FE10 /* SearchFilter.swift in Sources */ = {isa = PBXBuildFile; fileRef = D5C9EBAA2EFC63870066FE10 /* SearchFilter.swift */; };
		D5C9EBAE2EFC64010066FE10 /* SearchFilterTests.swift in Sources */ = {isa = PBXBuildFile; fileRef = D5C9EBAD2EFC64010066FE10 /* SearchFilterTests.swift */; };
		D5C9EBAE2EFC968F0066FE10 /* MLXVLM in Frameworks */ = {isa = PBXBuildFile; productRef = D5C9EBAD2EFC968F0066FE10 /* MLXVLM */; };
		D5FB7EC02EF63E3C00F1871A /* Ollama in Frameworks */ = {isa = PBXBuildFile; productRef = D5FB7EBF2EF63E3C00F1871A /* Ollama */; };
		T01 /* OllamaProviderTests.swift in Sources */ = {isa = PBXBuildFile; fileRef = TB01 /* OllamaProviderTests.swift */; };
		T02 /* LLMServiceTests.swift in Sources */ = {isa = PBXBuildFile; fileRef = TB02 /* LLMServiceTests.swift */; };
		T03 /* LLMSettingsTests.swift in Sources */ = {isa = PBXBuildFile; fileRef = TB03 /* LLMSettingsTests.swift */; };
/* End PBXBuildFile section */

/* Begin PBXContainerItemProxy section */
		TCI01 /* PBXContainerItemProxy */ = {
			isa = PBXContainerItemProxy;
			containerPortal = P01 /* Project object */;
			proxyType = 1;
			remoteGlobalIDString = F01;
			remoteInfo = Gramfix;
		};
/* End PBXContainerItemProxy section */

/* Begin PBXFileReference section */
		B01 /* GramfixApp.swift */ = {isa = PBXFileReference; lastKnownFileType = sourcecode.swift; path = GramfixApp.swift; sourceTree = "<group>"; };
		B02 /* ContentView.swift */ = {isa = PBXFileReference; lastKnownFileType = sourcecode.swift; path = ContentView.swift; sourceTree = "<group>"; };
		B03 /* Assets.xcassets */ = {isa = PBXFileReference; lastKnownFileType = folder.assetcatalog; path = Assets.xcassets; sourceTree = "<group>"; };
		B04 /* ClipboardItem.swift */ = {isa = PBXFileReference; lastKnownFileType = sourcecode.swift; path = ClipboardItem.swift; sourceTree = "<group>"; };
		B05 /* ClipboardManager.swift */ = {isa = PBXFileReference; lastKnownFileType = sourcecode.swift; path = ClipboardManager.swift; sourceTree = "<group>"; };
		B06 /* ClipboardRow.swift */ = {isa = PBXFileReference; lastKnownFileType = sourcecode.swift; path = ClipboardRow.swift; sourceTree = "<group>"; };
		B07 /* SearchBar.swift */ = {isa = PBXFileReference; lastKnownFileType = sourcecode.swift; path = SearchBar.swift; sourceTree = "<group>"; };
		B08 /* Styling.swift */ = {isa = PBXFileReference; lastKnownFileType = sourcecode.swift; path = Styling.swift; sourceTree = "<group>"; };
		B09 /* Gramfix.entitlements */ = {isa = PBXFileReference; lastKnownFileType = text.plist.entitlements; path = Gramfix.entitlements; sourceTree = "<group>"; };
		B10 /* Info.plist */ = {isa = PBXFileReference; lastKnownFileType = text.plist.xml; path = Info.plist; sourceTree = "<group>"; };
		B11 /* PreviewPane.swift */ = {isa = PBXFileReference; lastKnownFileType = sourcecode.swift; path = PreviewPane.swift; sourceTree = "<group>"; };
		B12 /* LLMService.swift */ = {isa = PBXFileReference; lastKnownFileType = sourcecode.swift; path = LLMService.swift; sourceTree = "<group>"; };
		B14 /* LLMSettings.swift */ = {isa = PBXFileReference; lastKnownFileType = sourcecode.swift; path = LLMSettings.swift; sourceTree = "<group>"; };
		B15 /* SettingsView.swift */ = {isa = PBXFileReference; lastKnownFileType = sourcecode.swift; path = SettingsView.swift; sourceTree = "<group>"; };
		C01 /* Gramfix.app */ = {isa = PBXFileReference; explicitFileType = wrapper.application; includeInIndex = 0; path = Gramfix.app; sourceTree = BUILT_PRODUCTS_DIR; };
		D51F955F2EF8E2C70019A164 /* PasteService.swift */ = {isa = PBXFileReference; lastKnownFileType = sourcecode.swift; path = PasteService.swift; sourceTree = "<group>"; };
		D51F95652EF8F1230019A164 /* AccessibilityService.swift */ = {isa = PBXFileReference; lastKnownFileType = sourcecode.swift; path = AccessibilityService.swift; sourceTree = "<group>"; };
		D56FD7F22F0213CE00E99CB6 /* AccessibilityAlertCoordinator.swift */ = {isa = PBXFileReference; lastKnownFileType = sourcecode.swift; path = AccessibilityAlertCoordinator.swift; sourceTree = "<group>"; };
		D56FD7F52F02165C00E99CB6 /* CustomAlertView.swift */ = {isa = PBXFileReference; lastKnownFileType = sourcecode.swift; path = CustomAlertView.swift; sourceTree = "<group>"; };
		D573EB0A2EF9F5C300D03FAE /* MLXService.swift */ = {isa = PBXFileReference; lastKnownFileType = sourcecode.swift; path = MLXService.swift; sourceTree = "<group>"; };
		D573EB1D2EF9FCDE00D03FAE /* LMModel.swift */ = {isa = PBXFileReference; lastKnownFileType = sourcecode.swift; path = LMModel.swift; sourceTree = "<group>"; };
		D573EB2B2EFA008D00D03FAE /* HubApi+default.swift */ = {isa = PBXFileReference; lastKnownFileType = sourcecode.swift; path = "HubApi+default.swift"; sourceTree = "<group>"; };
		D5C9EB852EFAC7FD0066FE10 /* KeyboardShortcuts+Names.swift */ = {isa = PBXFileReference; lastKnownFileType = sourcecode.swift; path = "KeyboardShortcuts+Names.swift"; sourceTree = "<group>"; };
		D5C9EB882EFAD08A0066FE10 /* MLXProviderTests.swift */ = {isa = PBXFileReference; lastKnownFileType = sourcecode.swift; path = MLXProviderTests.swift; sourceTree = "<group>"; };
		D5C9EB8A2EFAEEA30066FE10 /* LLMProviderImpl.swift */ = {isa = PBXFileReference; lastKnownFileType = sourcecode.swift; path = LLMProviderImpl.swift; sourceTree = "<group>"; };
		D5C9EB8B2EFAEEA30066FE10 /* MLXClient.swift */ = {isa = PBXFileReference; lastKnownFileType = sourcecode.swift; path = MLXClient.swift; sourceTree = "<group>"; };
		D5C9EB8C2EFAEEA30066FE10 /* OllamaClient.swift */ = {isa = PBXFileReference; lastKnownFileType = sourcecode.swift; path = OllamaClient.swift; sourceTree = "<group>"; };
		D5C9EB932EFAEECC0066FE10 /* LLMProviderImplTests.swift */ = {isa = PBXFileReference; lastKnownFileType = sourcecode.swift; path = LLMProviderImplTests.swift; sourceTree = "<group>"; };
		D5C9EB9C2EFB6A100066FE10 /* UpdateService.swift */ = {isa = PBXFileReference; lastKnownFileType = sourcecode.swift; path = UpdateService.swift; sourceTree = "<group>"; };
		D5C9EB9F2EFB6A1D0066FE10 /* CheckForUpdatesView.swift */ = {isa = PBXFileReference; lastKnownFileType = sourcecode.swift; path = CheckForUpdatesView.swift; sourceTree = "<group>"; };
		D5C9EBA22EFB84BF0066FE10 /* ClipboardPersistence.swift */ = {isa = PBXFileReference; lastKnownFileType = sourcecode.swift; path = ClipboardPersistence.swift; sourceTree = "<group>"; };
		D5C9EBA52EFC38F20066FE10 /* MenuBarView.swift */ = {isa = PBXFileReference; lastKnownFileType = sourcecode.swift; path = MenuBarView.swift; sourceTree = "<group>"; };
		D5C9EBA82EFC45040066FE10 /* AppIcon.icon */ = {isa = PBXFileReference; lastKnownFileType = folder.iconcomposer.icon; path = AppIcon.icon; sourceTree = "<group>"; };
		D5C9EBAA2EFC63870066FE10 /* SearchFilter.swift */ = {isa = PBXFileReference; lastKnownFileType = sourcecode.swift; path = SearchFilter.swift; sourceTree = "<group>"; };
		D5C9EBAD2EFC64010066FE10 /* SearchFilterTests.swift */ = {isa = PBXFileReference; lastKnownFileType = sourcecode.swift; path = SearchFilterTests.swift; sourceTree = "<group>"; };
		TB01 /* OllamaProviderTests.swift */ = {isa = PBXFileReference; lastKnownFileType = sourcecode.swift; path = OllamaProviderTests.swift; sourceTree = "<group>"; };
		TB02 /* LLMServiceTests.swift */ = {isa = PBXFileReference; lastKnownFileType = sourcecode.swift; path = LLMServiceTests.swift; sourceTree = "<group>"; };
		TB03 /* LLMSettingsTests.swift */ = {isa = PBXFileReference; lastKnownFileType = sourcecode.swift; path = LLMSettingsTests.swift; sourceTree = "<group>"; };
		TC01 /* GramfixTests.xctest */ = {isa = PBXFileReference; explicitFileType = wrapper.cfbundle; includeInIndex = 0; path = GramfixTests.xctest; sourceTree = BUILT_PRODUCTS_DIR; };
/* End PBXFileReference section */

/* Begin PBXFrameworksBuildPhase section */
		D01 /* Frameworks */ = {
			isa = PBXFrameworksBuildPhase;
			files = (
				D56FD7F12F015C7D00E99CB6 /* MLXLLM in Frameworks */,
				D573EB002EF9F58300D03FAE /* MLX in Frameworks */,
				D573EB162EF9F87900D03FAE /* MLXEmbedders in Frameworks */,
				D573EAFB2EF9F56600D03FAE /* Tokenizers in Frameworks */,
				D5C9EB7F2EFA10DF0066FE10 /* Numerics in Frameworks */,
				D5C9EB9B2EFB69FE0066FE10 /* Sparkle in Frameworks */,
				D573EAF92EF9F56600D03FAE /* Hub in Frameworks */,
				D573EAFD2EF9F56600D03FAE /* Transformers in Frameworks */,
				D573EB022EF9F58300D03FAE /* MLXFFT in Frameworks */,
				D5C9EB812EFA10DF0066FE10 /* RealModule in Frameworks */,
				D573EB112EF9F78C00D03FAE /* MLXOptimizers in Frameworks */,
				D5C9EB842EFAC67D0066FE10 /* KeyboardShortcuts in Frameworks */,
				D573EB132EF9F78C00D03FAE /* MLXRandom in Frameworks */,
				D573EB1A2EF9F87900D03FAE /* MLXLMCommon in Frameworks */,
				D5C9EB7D2EFA10DF0066FE10 /* ComplexModule in Frameworks */,
				D573EB042EF9F58300D03FAE /* MLXFast in Frameworks */,
				D573EB062EF9F58300D03FAE /* MLXLinalg in Frameworks */,
				D573EB082EF9F58300D03FAE /* MLXNN in Frameworks */,
				D5C9EBAE2EFC968F0066FE10 /* MLXVLM in Frameworks */,
				D5FB7EC02EF63E3C00F1871A /* Ollama in Frameworks */,
			);
		};
		TD01 /* Frameworks */ = {
			isa = PBXFrameworksBuildPhase;
			files = (
			);
		};
/* End PBXFrameworksBuildPhase section */

/* Begin PBXGroup section */
		D573EB0F2EF9F78C00D03FAE /* Frameworks */ = {
			isa = PBXGroup;
			children = (
			);
			name = Frameworks;
			sourceTree = "<group>";
		};
		D573EB2C2EFA008D00D03FAE /* Support */ = {
			isa = PBXGroup;
			children = (
				D573EB2B2EFA008D00D03FAE /* HubApi+default.swift */,
				D5C9EB852EFAC7FD0066FE10 /* KeyboardShortcuts+Names.swift */,
			);
			path = Support;
			sourceTree = "<group>";
		};
		E01 = {
			isa = PBXGroup;
			children = (
				D5C9EBA82EFC45040066FE10 /* AppIcon.icon */,
				E02 /* Gramfix */,
				TE01 /* GramfixTests */,
				D573EB0F2EF9F78C00D03FAE /* Frameworks */,
				E03 /* Products */,
			);
			sourceTree = "<group>";
		};
		E02 /* Gramfix */ = {
			isa = PBXGroup;
			children = (
				D573EB2C2EFA008D00D03FAE /* Support */,
				B01 /* GramfixApp.swift */,
				E04 /* Models */,
				E05 /* Services */,
				E06 /* Views */,
				E07 /* Utilities */,
				B03 /* Assets.xcassets */,
				B09 /* Gramfix.entitlements */,
				B10 /* Info.plist */,
			);
			path = Gramfix;
			sourceTree = "<group>";
		};
		E03 /* Products */ = {
			isa = PBXGroup;
			children = (
				C01 /* Gramfix.app */,
				TC01 /* GramfixTests.xctest */,
			);
			name = Products;
			sourceTree = "<group>";
		};
		E04 /* Models */ = {
			isa = PBXGroup;
			children = (
				D5C9EBAA2EFC63870066FE10 /* SearchFilter.swift */,
				D573EB1D2EF9FCDE00D03FAE /* LMModel.swift */,
				B04 /* ClipboardItem.swift */,
				B14 /* LLMSettings.swift */,
			);
			path = Models;
			sourceTree = "<group>";
		};
		E05 /* Services */ = {
			isa = PBXGroup;
			children = (
				D56FD7F22F0213CE00E99CB6 /* AccessibilityAlertCoordinator.swift */,
				D5C9EBA22EFB84BF0066FE10 /* ClipboardPersistence.swift */,
				D5C9EB9C2EFB6A100066FE10 /* UpdateService.swift */,
				D5C9EB8A2EFAEEA30066FE10 /* LLMProviderImpl.swift */,
				D5C9EB8B2EFAEEA30066FE10 /* MLXClient.swift */,
				D5C9EB8C2EFAEEA30066FE10 /* OllamaClient.swift */,
				D573EB0A2EF9F5C300D03FAE /* MLXService.swift */,
				D51F95652EF8F1230019A164 /* AccessibilityService.swift */,
				D51F955F2EF8E2C70019A164 /* PasteService.swift */,
				B05 /* ClipboardManager.swift */,
				B12 /* LLMService.swift */,
			);
			path = Services;
			sourceTree = "<group>";
		};
		E06 /* Views */ = {
			isa = PBXGroup;
			children = (
				D56FD7F52F02165C00E99CB6 /* CustomAlertView.swift */,
				D5C9EBA52EFC38F20066FE10 /* MenuBarView.swift */,
				D5C9EB9F2EFB6A1D0066FE10 /* CheckForUpdatesView.swift */,
				B02 /* ContentView.swift */,
				B06 /* ClipboardRow.swift */,
				B07 /* SearchBar.swift */,
				B11 /* PreviewPane.swift */,
				B15 /* SettingsView.swift */,
			);
			path = Views;
			sourceTree = "<group>";
		};
		E07 /* Utilities */ = {
			isa = PBXGroup;
			children = (
				B08 /* Styling.swift */,
			);
			path = Utilities;
			sourceTree = "<group>";
		};
		TE01 /* GramfixTests */ = {
			isa = PBXGroup;
			children = (
				D5C9EB932EFAEECC0066FE10 /* LLMProviderImplTests.swift */,
				D5C9EB882EFAD08A0066FE10 /* MLXProviderTests.swift */,
				D5C9EBAD2EFC64010066FE10 /* SearchFilterTests.swift */,
				TB01 /* OllamaProviderTests.swift */,
				TB02 /* LLMServiceTests.swift */,
				TB03 /* LLMSettingsTests.swift */,
			);
			path = GramfixTests;
			sourceTree = "<group>";
		};
/* End PBXGroup section */

/* Begin PBXNativeTarget section */
		F01 /* Gramfix */ = {
			isa = PBXNativeTarget;
			buildConfigurationList = G01 /* Build configuration list for PBXNativeTarget "Gramfix" */;
			buildPhases = (
				F02 /* Sources */,
				D01 /* Frameworks */,
				F03 /* Resources */,
			);
			buildRules = (
			);
			name = Gramfix;
			packageProductDependencies = (
				D5FB7EBF2EF63E3C00F1871A /* Ollama */,
				D573EAF82EF9F56600D03FAE /* Hub */,
				D573EAFA2EF9F56600D03FAE /* Tokenizers */,
				D573EAFC2EF9F56600D03FAE /* Transformers */,
				D573EAFF2EF9F58300D03FAE /* MLX */,
				D573EB012EF9F58300D03FAE /* MLXFFT */,
				D573EB032EF9F58300D03FAE /* MLXFast */,
				D573EB052EF9F58300D03FAE /* MLXLinalg */,
				D573EB072EF9F58300D03FAE /* MLXNN */,
				D573EB102EF9F78C00D03FAE /* MLXOptimizers */,
				D573EB122EF9F78C00D03FAE /* MLXRandom */,
				D573EB152EF9F87900D03FAE /* MLXEmbedders */,
				D573EB172EF9F87900D03FAE /* MLXLLM */,
				D573EB192EF9F87900D03FAE /* MLXLMCommon */,
				D5C9EB7C2EFA10DF0066FE10 /* ComplexModule */,
				D5C9EB7E2EFA10DF0066FE10 /* Numerics */,
				D5C9EB802EFA10DF0066FE10 /* RealModule */,
				D5C9EB832EFAC67D0066FE10 /* KeyboardShortcuts */,
				D5C9EB9A2EFB69FE0066FE10 /* Sparkle */,
				D5C9EBAD2EFC968F0066FE10 /* MLXVLM */,
			);
			productName = Gramfix;
			productReference = C01 /* Gramfix.app */;
			productType = "com.apple.product-type.application";
		};
		TF01 /* GramfixTests */ = {
			isa = PBXNativeTarget;
			buildConfigurationList = TG01 /* Build configuration list for PBXNativeTarget "GramfixTests" */;
			buildPhases = (
				TF02 /* Sources */,
				TD01 /* Frameworks */,
			);
			buildRules = (
			);
			dependencies = (
				TDEP01 /* PBXTargetDependency */,
			);
			name = GramfixTests;
			productName = GramfixTests;
			productReference = TC01 /* GramfixTests.xctest */;
			productType = "com.apple.product-type.bundle.unit-test";
		};
/* End PBXNativeTarget section */

/* Begin PBXProject section */
		P01 /* Project object */ = {
			isa = PBXProject;
			attributes = {
				BuildIndependentTargetsInParallel = 1;
				LastSwiftUpdateCheck = 1500;
				LastUpgradeCheck = 2620;
				TargetAttributes = {
					F01 = {
						CreatedOnToolsVersion = 15.0;
					};
					TF01 = {
						CreatedOnToolsVersion = 15.0;
						TestTargetID = F01;
					};
				};
			};
			buildConfigurationList = G02 /* Build configuration list for PBXProject "Gramfix" */;
			developmentRegion = en;
			hasScannedForEncodings = 0;
			knownRegions = (
				en,
				Base,
			);
			mainGroup = E01;
			packageReferences = (
				D5FB7EBE2EF63E3C00F1871A /* XCRemoteSwiftPackageReference "ollama-swift" */,
				D573EAF72EF9F56600D03FAE /* XCRemoteSwiftPackageReference "swift-transformers" */,
				D573EAFE2EF9F58300D03FAE /* XCRemoteSwiftPackageReference "mlx-swift" */,
				D573EB142EF9F87900D03FAE /* XCRemoteSwiftPackageReference "mlx-swift-lm" */,
				D5C9EB7B2EFA10DF0066FE10 /* XCRemoteSwiftPackageReference "swift-numerics" */,
				D5C9EB822EFAC63A0066FE10 /* XCRemoteSwiftPackageReference "KeyboardShortcuts" */,
				D5C9EB992EFB69FE0066FE10 /* XCRemoteSwiftPackageReference "Sparkle" */,
			);
			preferredProjectObjectVersion = 90;
			productRefGroup = E03 /* Products */;
			projectDirPath = "";
			projectRoot = "";
			targets = (
				F01 /* Gramfix */,
				TF01 /* GramfixTests */,
			);
		};
/* End PBXProject section */

/* Begin PBXResourcesBuildPhase section */
		F03 /* Resources */ = {
			isa = PBXResourcesBuildPhase;
			files = (
				A03 /* Assets.xcassets in Resources */,
				D5C9EBA92EFC45040066FE10 /* AppIcon.icon in Resources */,
			);
		};
/* End PBXResourcesBuildPhase section */

/* Begin PBXSourcesBuildPhase section */
		F02 /* Sources */ = {
			isa = PBXSourcesBuildPhase;
			files = (
				D5C9EBA42EFB84BF0066FE10 /* ClipboardPersistence.swift in Sources */,
				A02 /* ContentView.swift in Sources */,
				A01 /* GramfixApp.swift in Sources */,
				D56FD7F62F02165C00E99CB6 /* CustomAlertView.swift in Sources */,
				D5C9EB8D2EFAEEA30066FE10 /* LLMProviderImpl.swift in Sources */,
				D5C9EB8E2EFAEEA30066FE10 /* MLXClient.swift in Sources */,
				D5C9EBAB2EFC63870066FE10 /* SearchFilter.swift in Sources */,
				D5C9EB8F2EFAEEA30066FE10 /* OllamaClient.swift in Sources */,
				A04 /* ClipboardItem.swift in Sources */,
				D5C9EB9E2EFB6A100066FE10 /* UpdateService.swift in Sources */,
				A05 /* ClipboardManager.swift in Sources */,
				D5C9EBA72EFC38F20066FE10 /* MenuBarView.swift in Sources */,
				D5C9EB872EFAC7FD0066FE10 /* KeyboardShortcuts+Names.swift in Sources */,
				D573EB2E2EFA008D00D03FAE /* HubApi+default.swift in Sources */,
				A06 /* ClipboardRow.swift in Sources */,
				D573EB0B2EF9F5C300D03FAE /* MLXService.swift in Sources */,
				A07 /* SearchBar.swift in Sources */,
				A08 /* Styling.swift in Sources */,
				A09 /* PreviewPane.swift in Sources */,
				D51F95672EF8F1230019A164 /* AccessibilityService.swift in Sources */,
				D56FD7F42F0213CE00E99CB6 /* AccessibilityAlertCoordinator.swift in Sources */,
				A10 /* LLMService.swift in Sources */,
				D573EB1F2EF9FCDE00D03FAE /* LMModel.swift in Sources */,
				D51F95602EF8E2C70019A164 /* PasteService.swift in Sources */,
				A14 /* LLMSettings.swift in Sources */,
				D5C9EBA12EFB6A1D0066FE10 /* CheckForUpdatesView.swift in Sources */,
				A15 /* SettingsView.swift in Sources */,
			);
		};
		TF02 /* Sources */ = {
			isa = PBXSourcesBuildPhase;
			files = (
				D56FD7F32F0213CE00E99CB6 /* AccessibilityAlertCoordinator.swift in Sources */,
				T01 /* OllamaProviderTests.swift in Sources */,
				D5C9EB892EFAD08A0066FE10 /* MLXProviderTests.swift in Sources */,
				D5C9EBAE2EFC64010066FE10 /* SearchFilterTests.swift in Sources */,
				T02 /* LLMServiceTests.swift in Sources */,
				T03 /* LLMSettingsTests.swift in Sources */,
				D56FD7F72F02165C00E99CB6 /* CustomAlertView.swift in Sources */,
				D5C9EB942EFAEECC0066FE10 /* LLMProviderImplTests.swift in Sources */,
			);
		};
/* End PBXSourcesBuildPhase section */

/* Begin PBXTargetDependency section */
		TDEP01 /* PBXTargetDependency */ = {
			isa = PBXTargetDependency;
			target = F01 /* Gramfix */;
			targetProxy = TCI01 /* PBXContainerItemProxy */;
		};
/* End PBXTargetDependency section */

/* Begin XCBuildConfiguration section */
		H01 /* Debug configuration for PBXProject "Gramfix" */ = {
			isa = XCBuildConfiguration;
			buildSettings = {
				ALWAYS_SEARCH_USER_PATHS = NO;
				ASSETCATALOG_COMPILER_GENERATE_SWIFT_ASSET_SYMBOL_EXTENSIONS = YES;
				CLANG_ANALYZER_NONNULL = YES;
				CLANG_ANALYZER_NUMBER_OBJECT_CONVERSION = YES_AGGRESSIVE;
				CLANG_CXX_LANGUAGE_STANDARD = "gnu++20";
				CLANG_ENABLE_MODULES = YES;
				CLANG_ENABLE_OBJC_ARC = YES;
				CLANG_ENABLE_OBJC_WEAK = YES;
				CLANG_WARN_BLOCK_CAPTURE_AUTORELEASING = YES;
				CLANG_WARN_BOOL_CONVERSION = YES;
				CLANG_WARN_COMMA = YES;
				CLANG_WARN_CONSTANT_CONVERSION = YES;
				CLANG_WARN_DEPRECATED_OBJC_IMPLEMENTATIONS = YES;
				CLANG_WARN_DIRECT_OBJC_ISA_USAGE = YES_ERROR;
				CLANG_WARN_DOCUMENTATION_COMMENTS = YES;
				CLANG_WARN_EMPTY_BODY = YES;
				CLANG_WARN_ENUM_CONVERSION = YES;
				CLANG_WARN_INFINITE_RECURSION = YES;
				CLANG_WARN_INT_CONVERSION = YES;
				CLANG_WARN_NON_LITERAL_NULL_CONVERSION = YES;
				CLANG_WARN_OBJC_IMPLICIT_RETAIN_SELF = YES;
				CLANG_WARN_OBJC_LITERAL_CONVERSION = YES;
				CLANG_WARN_OBJC_ROOT_CLASS = YES_ERROR;
				CLANG_WARN_QUOTED_INCLUDE_IN_FRAMEWORK_HEADER = YES;
				CLANG_WARN_RANGE_LOOP_ANALYSIS = YES;
				CLANG_WARN_STRICT_PROTOTYPES = YES;
				CLANG_WARN_SUSPICIOUS_MOVE = YES;
				CLANG_WARN_UNGUARDED_AVAILABILITY = YES_AGGRESSIVE;
				CLANG_WARN_UNREACHABLE_CODE = YES;
				CLANG_WARN__DUPLICATE_METHOD_MATCH = YES;
				COPY_PHASE_STRIP = NO;
				DEAD_CODE_STRIPPING = YES;
				DEBUG_INFORMATION_FORMAT = dwarf;
				ENABLE_STRICT_OBJC_MSGSEND = YES;
				ENABLE_TESTABILITY = YES;
				ENABLE_USER_SCRIPT_SANDBOXING = YES;
				GCC_C_LANGUAGE_STANDARD = gnu17;
				GCC_DYNAMIC_NO_PIC = NO;
				GCC_NO_COMMON_BLOCKS = YES;
				GCC_OPTIMIZATION_LEVEL = 0;
				GCC_PREPROCESSOR_DEFINITIONS = (
					"DEBUG=1",
					"$(inherited)",
				);
				GCC_WARN_64_TO_32_BIT_CONVERSION = YES;
				GCC_WARN_ABOUT_RETURN_TYPE = YES_ERROR;
				GCC_WARN_UNDECLARED_SELECTOR = YES;
				GCC_WARN_UNINITIALIZED_AUTOS = YES_AGGRESSIVE;
				GCC_WARN_UNUSED_FUNCTION = YES;
				GCC_WARN_UNUSED_VARIABLE = YES;
				LOCALIZATION_PREFERS_STRING_CATALOGS = YES;
				MACOSX_DEPLOYMENT_TARGET = 26.0;
				MTL_ENABLE_DEBUG_INFO = INCLUDE_SOURCE;
				MTL_FAST_MATH = YES;
				ONLY_ACTIVE_ARCH = YES;
				SDKROOT = macosx;
				STRING_CATALOG_GENERATE_SYMBOLS = YES;
				SWIFT_ACTIVE_COMPILATION_CONDITIONS = "DEBUG $(inherited)";
				SWIFT_OPTIMIZATION_LEVEL = "-Onone";
			};
			name = Debug;
		};
		H02 /* Release configuration for PBXProject "Gramfix" */ = {
			isa = XCBuildConfiguration;
			buildSettings = {
				ALWAYS_SEARCH_USER_PATHS = NO;
				ASSETCATALOG_COMPILER_GENERATE_SWIFT_ASSET_SYMBOL_EXTENSIONS = YES;
				CLANG_ANALYZER_NONNULL = YES;
				CLANG_ANALYZER_NUMBER_OBJECT_CONVERSION = YES_AGGRESSIVE;
				CLANG_CXX_LANGUAGE_STANDARD = "gnu++20";
				CLANG_ENABLE_MODULES = YES;
				CLANG_ENABLE_OBJC_ARC = YES;
				CLANG_ENABLE_OBJC_WEAK = YES;
				CLANG_WARN_BLOCK_CAPTURE_AUTORELEASING = YES;
				CLANG_WARN_BOOL_CONVERSION = YES;
				CLANG_WARN_COMMA = YES;
				CLANG_WARN_CONSTANT_CONVERSION = YES;
				CLANG_WARN_DEPRECATED_OBJC_IMPLEMENTATIONS = YES;
				CLANG_WARN_DIRECT_OBJC_ISA_USAGE = YES_ERROR;
				CLANG_WARN_DOCUMENTATION_COMMENTS = YES;
				CLANG_WARN_EMPTY_BODY = YES;
				CLANG_WARN_ENUM_CONVERSION = YES;
				CLANG_WARN_INFINITE_RECURSION = YES;
				CLANG_WARN_INT_CONVERSION = YES;
				CLANG_WARN_NON_LITERAL_NULL_CONVERSION = YES;
				CLANG_WARN_OBJC_IMPLICIT_RETAIN_SELF = YES;
				CLANG_WARN_OBJC_LITERAL_CONVERSION = YES;
				CLANG_WARN_OBJC_ROOT_CLASS = YES_ERROR;
				CLANG_WARN_QUOTED_INCLUDE_IN_FRAMEWORK_HEADER = YES;
				CLANG_WARN_RANGE_LOOP_ANALYSIS = YES;
				CLANG_WARN_STRICT_PROTOTYPES = YES;
				CLANG_WARN_SUSPICIOUS_MOVE = YES;
				CLANG_WARN_UNGUARDED_AVAILABILITY = YES_AGGRESSIVE;
				CLANG_WARN_UNREACHABLE_CODE = YES;
				CLANG_WARN__DUPLICATE_METHOD_MATCH = YES;
				COPY_PHASE_STRIP = NO;
				DEAD_CODE_STRIPPING = YES;
				DEBUG_INFORMATION_FORMAT = "dwarf-with-dsym";
				ENABLE_NS_ASSERTIONS = NO;
				ENABLE_STRICT_OBJC_MSGSEND = YES;
				ENABLE_USER_SCRIPT_SANDBOXING = YES;
				GCC_C_LANGUAGE_STANDARD = gnu17;
				GCC_NO_COMMON_BLOCKS = YES;
				GCC_WARN_64_TO_32_BIT_CONVERSION = YES;
				GCC_WARN_ABOUT_RETURN_TYPE = YES_ERROR;
				GCC_WARN_UNDECLARED_SELECTOR = YES;
				GCC_WARN_UNINITIALIZED_AUTOS = YES_AGGRESSIVE;
				GCC_WARN_UNUSED_FUNCTION = YES;
				GCC_WARN_UNUSED_VARIABLE = YES;
				LOCALIZATION_PREFERS_STRING_CATALOGS = YES;
				MACOSX_DEPLOYMENT_TARGET = 26.0;
				MTL_ENABLE_DEBUG_INFO = NO;
				MTL_FAST_MATH = YES;
				ONLY_ACTIVE_ARCH = YES;
				SDKROOT = macosx;
				STRING_CATALOG_GENERATE_SYMBOLS = YES;
				SWIFT_COMPILATION_MODE = wholemodule;
			};
			name = Release;
		};
		H03 /* Debug configuration for PBXNativeTarget "Gramfix" */ = {
			isa = XCBuildConfiguration;
			buildSettings = {
				ASSETCATALOG_COMPILER_APPICON_NAME = AppIcon;
				ASSETCATALOG_COMPILER_GLOBAL_ACCENT_COLOR_NAME = AccentColor;
				CODE_SIGN_ENTITLEMENTS = Gramfix/Gramfix.entitlements;
				CODE_SIGN_STYLE = Automatic;
				COMBINE_HIDPI_IMAGES = YES;
				CURRENT_PROJECT_VERSION = 1;
				DEAD_CODE_STRIPPING = YES;
				DEVELOPMENT_ASSET_PATHS = "";
				DEVELOPMENT_TEAM = SZ6A237DRZ;
				ENABLE_HARDENED_RUNTIME = YES;
				ENABLE_PREVIEWS = YES;
				GENERATE_INFOPLIST_FILE = YES;
				INFOPLIST_FILE = Gramfix/Info.plist;
				INFOPLIST_KEY_CFBundleDisplayName = Gramfix;
				INFOPLIST_KEY_LSApplicationCategoryType = "public.app-category.utilities";
				INFOPLIST_KEY_NSAppleEventsUsageDescription = "Gramfix needs permission to paste content into other applications.";
				INFOPLIST_KEY_NSHumanReadableCopyright = "Copyright © 2024. All rights reserved.";
				INFOPLIST_KEY_NSMainStoryboardFile = "";
				INFOPLIST_KEY_NSPrincipalClass = NSApplication;
				LD_RUNPATH_SEARCH_PATHS = (
					"$(inherited)",
					"@executable_path/../Frameworks",
				);
				MARKETING_VERSION = 1.1;
				PRODUCT_BUNDLE_IDENTIFIER = com.gramfix.app;
				PRODUCT_NAME = "$(TARGET_NAME)";
				SWIFT_EMIT_LOC_STRINGS = YES;
				SWIFT_VERSION = 5.0;
			};
			name = Debug;
		};
		H04 /* Release configuration for PBXNativeTarget "Gramfix" */ = {
			isa = XCBuildConfiguration;
			buildSettings = {
				ASSETCATALOG_COMPILER_APPICON_NAME = AppIcon;
				ASSETCATALOG_COMPILER_GLOBAL_ACCENT_COLOR_NAME = AccentColor;
				CODE_SIGN_ENTITLEMENTS = Gramfix/Gramfix.entitlements;
				CODE_SIGN_IDENTITY = "Apple Development";
				CODE_SIGN_STYLE = Manual;
				COMBINE_HIDPI_IMAGES = YES;
				CURRENT_PROJECT_VERSION = 1;
				DEAD_CODE_STRIPPING = YES;
				DEVELOPMENT_ASSET_PATHS = "";
				DEVELOPMENT_TEAM = "";
				"DEVELOPMENT_TEAM[sdk=macosx*]" = SZ6A237DRZ;
				ENABLE_HARDENED_RUNTIME = YES;
				ENABLE_PREVIEWS = YES;
				GENERATE_INFOPLIST_FILE = YES;
				INFOPLIST_FILE = Gramfix/Info.plist;
				INFOPLIST_KEY_CFBundleDisplayName = Gramfix;
				INFOPLIST_KEY_LSApplicationCategoryType = "public.app-category.utilities";
				INFOPLIST_KEY_NSAppleEventsUsageDescription = "Gramfix needs permission to paste content into other applications.";
				INFOPLIST_KEY_NSHumanReadableCopyright = "Copyright © 2024. All rights reserved.";
				INFOPLIST_KEY_NSMainStoryboardFile = "";
				INFOPLIST_KEY_NSPrincipalClass = NSApplication;
				LD_RUNPATH_SEARCH_PATHS = (
					"$(inherited)",
					"@executable_path/../Frameworks",
				);
				MARKETING_VERSION = 1.1;
				PRODUCT_BUNDLE_IDENTIFIER = com.gramfix.app;
				PRODUCT_NAME = "$(TARGET_NAME)";
				PROVISIONING_PROFILE_SPECIFIER = "";
				SWIFT_EMIT_LOC_STRINGS = YES;
				SWIFT_VERSION = 5.0;
			};
			name = Release;
		};
		TH01 /* Debug configuration for PBXNativeTarget "GramfixTests" */ = {
			isa = XCBuildConfiguration;
			buildSettings = {
				BUNDLE_LOADER = "$(TEST_HOST)";
				CODE_SIGN_STYLE = Automatic;
				CURRENT_PROJECT_VERSION = 1;
				DEAD_CODE_STRIPPING = YES;
				GENERATE_INFOPLIST_FILE = YES;
				MACOSX_DEPLOYMENT_TARGET = 26.0;
				MARKETING_VERSION = 1.1;
				PRODUCT_BUNDLE_IDENTIFIER = com.gramfix.app.tests;
				PRODUCT_NAME = "$(TARGET_NAME)";
				SWIFT_EMIT_LOC_STRINGS = NO;
				SWIFT_VERSION = 5.0;
				TEST_HOST = "$(BUILT_PRODUCTS_DIR)/Gramfix.app/$(BUNDLE_EXECUTABLE_FOLDER_PATH)/Gramfix";
			};
			name = Debug;
		};
		TH02 /* Release configuration for PBXNativeTarget "GramfixTests" */ = {
			isa = XCBuildConfiguration;
			buildSettings = {
				BUNDLE_LOADER = "$(TEST_HOST)";
				CODE_SIGN_STYLE = Automatic;
				CURRENT_PROJECT_VERSION = 1;
				DEAD_CODE_STRIPPING = YES;
				GENERATE_INFOPLIST_FILE = YES;
				MACOSX_DEPLOYMENT_TARGET = 26.0;
				MARKETING_VERSION = 1.1;
				PRODUCT_BUNDLE_IDENTIFIER = com.gramfix.app.tests;
				PRODUCT_NAME = "$(TARGET_NAME)";
				SWIFT_EMIT_LOC_STRINGS = NO;
				SWIFT_VERSION = 5.0;
				TEST_HOST = "$(BUILT_PRODUCTS_DIR)/Gramfix.app/$(BUNDLE_EXECUTABLE_FOLDER_PATH)/Gramfix";
			};
			name = Release;
		};
/* End XCBuildConfiguration section */

/* Begin XCConfigurationList section */
		G01 /* Build configuration list for PBXNativeTarget "Gramfix" */ = {
			isa = XCConfigurationList;
			buildConfigurations = (
				H03 /* Debug configuration for PBXNativeTarget "Gramfix" */,
				H04 /* Release configuration for PBXNativeTarget "Gramfix" */,
			);
			defaultConfigurationName = Debug;
		};
		G02 /* Build configuration list for PBXProject "Gramfix" */ = {
			isa = XCConfigurationList;
			buildConfigurations = (
				H01 /* Debug configuration for PBXProject "Gramfix" */,
				H02 /* Release configuration for PBXProject "Gramfix" */,
			);
			defaultConfigurationName = Debug;
		};
		TG01 /* Build configuration list for PBXNativeTarget "GramfixTests" */ = {
			isa = XCConfigurationList;
			buildConfigurations = (
				TH01 /* Debug configuration for PBXNativeTarget "GramfixTests" */,
				TH02 /* Release configuration for PBXNativeTarget "GramfixTests" */,
			);
			defaultConfigurationName = Debug;
		};
/* End XCConfigurationList section */

/* Begin XCRemoteSwiftPackageReference section */
		D573EAF72EF9F56600D03FAE /* XCRemoteSwiftPackageReference "swift-transformers" */ = {
			isa = XCRemoteSwiftPackageReference;
			repositoryURL = "https://github.com/huggingface/swift-transformers";
			requirement = {
				kind = upToNextMajorVersion;
				minimumVersion = 1.1.6;
			};
		};
		D573EAFE2EF9F58300D03FAE /* XCRemoteSwiftPackageReference "mlx-swift" */ = {
			isa = XCRemoteSwiftPackageReference;
			repositoryURL = "https://github.com/ml-explore/mlx-swift";
			requirement = {
				kind = upToNextMajorVersion;
				minimumVersion = 0.29.1;
			};
		};
		D573EB142EF9F87900D03FAE /* XCRemoteSwiftPackageReference "mlx-swift-lm" */ = {
			isa = XCRemoteSwiftPackageReference;
			repositoryURL = "https://github.com/rudskoy/mlx-swift-lm";
			requirement = {
				branch = main;
				kind = branch;
			};
		};
		D5C9EB7B2EFA10DF0066FE10 /* XCRemoteSwiftPackageReference "swift-numerics" */ = {
			isa = XCRemoteSwiftPackageReference;
			repositoryURL = "https://github.com/apple/swift-numerics.git";
			requirement = {
				kind = upToNextMinorVersion;
				minimumVersion = 1.1.1;
			};
		};
		D5C9EB822EFAC63A0066FE10 /* XCRemoteSwiftPackageReference "KeyboardShortcuts" */ = {
			isa = XCRemoteSwiftPackageReference;
			repositoryURL = "https://github.com/sindresorhus/KeyboardShortcuts";
			requirement = {
				kind = upToNextMajorVersion;
				minimumVersion = 2.4.0;
			};
		};
		D5C9EB992EFB69FE0066FE10 /* XCRemoteSwiftPackageReference "Sparkle" */ = {
			isa = XCRemoteSwiftPackageReference;
			repositoryURL = "https://github.com/sparkle-project/Sparkle";
			requirement = {
				kind = upToNextMajorVersion;
				minimumVersion = 2.8.1;
			};
		};
		D5FB7EBE2EF63E3C00F1871A /* XCRemoteSwiftPackageReference "ollama-swift" */ = {
			isa = XCRemoteSwiftPackageReference;
			repositoryURL = "https://github.com/mattt/ollama-swift.git";
			requirement = {
				kind = upToNextMajorVersion;
				minimumVersion = 1.8.0;
			};
		};
/* End XCRemoteSwiftPackageReference section */

/* Begin XCSwiftPackageProductDependency section */
		D573EAF82EF9F56600D03FAE /* Hub */ = {
			isa = XCSwiftPackageProductDependency;
			package = D573EAF72EF9F56600D03FAE /* XCRemoteSwiftPackageReference "swift-transformers" */;
			productName = Hub;
		};
		D573EAFA2EF9F56600D03FAE /* Tokenizers */ = {
			isa = XCSwiftPackageProductDependency;
			package = D573EAF72EF9F56600D03FAE /* XCRemoteSwiftPackageReference "swift-transformers" */;
			productName = Tokenizers;
		};
		D573EAFC2EF9F56600D03FAE /* Transformers */ = {
			isa = XCSwiftPackageProductDependency;
			package = D573EAF72EF9F56600D03FAE /* XCRemoteSwiftPackageReference "swift-transformers" */;
			productName = Transformers;
		};
		D573EAFF2EF9F58300D03FAE /* MLX */ = {
			isa = XCSwiftPackageProductDependency;
			package = D573EAFE2EF9F58300D03FAE /* XCRemoteSwiftPackageReference "mlx-swift" */;
			productName = MLX;
		};
		D573EB012EF9F58300D03FAE /* MLXFFT */ = {
			isa = XCSwiftPackageProductDependency;
			package = D573EAFE2EF9F58300D03FAE /* XCRemoteSwiftPackageReference "mlx-swift" */;
			productName = MLXFFT;
		};
		D573EB032EF9F58300D03FAE /* MLXFast */ = {
			isa = XCSwiftPackageProductDependency;
			package = D573EAFE2EF9F58300D03FAE /* XCRemoteSwiftPackageReference "mlx-swift" */;
			productName = MLXFast;
		};
		D573EB052EF9F58300D03FAE /* MLXLinalg */ = {
			isa = XCSwiftPackageProductDependency;
			package = D573EAFE2EF9F58300D03FAE /* XCRemoteSwiftPackageReference "mlx-swift" */;
			productName = MLXLinalg;
		};
		D573EB072EF9F58300D03FAE /* MLXNN */ = {
			isa = XCSwiftPackageProductDependency;
			package = D573EAFE2EF9F58300D03FAE /* XCRemoteSwiftPackageReference "mlx-swift" */;
			productName = MLXNN;
		};
		D573EB102EF9F78C00D03FAE /* MLXOptimizers */ = {
			isa = XCSwiftPackageProductDependency;
			package = D573EAFE2EF9F58300D03FAE /* XCRemoteSwiftPackageReference "mlx-swift" */;
			productName = MLXOptimizers;
		};
		D573EB122EF9F78C00D03FAE /* MLXRandom */ = {
			isa = XCSwiftPackageProductDependency;
			package = D573EAFE2EF9F58300D03FAE /* XCRemoteSwiftPackageReference "mlx-swift" */;
			productName = MLXRandom;
		};
		D573EB152EF9F87900D03FAE /* MLXEmbedders */ = {
			isa = XCSwiftPackageProductDependency;
			package = D573EB142EF9F87900D03FAE /* XCRemoteSwiftPackageReference "mlx-swift-lm" */;
			productName = MLXEmbedders;
		};
		D573EB172EF9F87900D03FAE /* MLXLLM */ = {
			isa = XCSwiftPackageProductDependency;
			package = D573EB142EF9F87900D03FAE /* XCRemoteSwiftPackageReference "mlx-swift-lm" */;
			productName = MLXLLM;
		};
		D573EB192EF9F87900D03FAE /* MLXLMCommon */ = {
			isa = XCSwiftPackageProductDependency;
			package = D573EB142EF9F87900D03FAE /* XCRemoteSwiftPackageReference "mlx-swift-lm" */;
			productName = MLXLMCommon;
		};
		D5C9EB7C2EFA10DF0066FE10 /* ComplexModule */ = {
			isa = XCSwiftPackageProductDependency;
			package = D5C9EB7B2EFA10DF0066FE10 /* XCRemoteSwiftPackageReference "swift-numerics" */;
			productName = ComplexModule;
		};
		D5C9EB7E2EFA10DF0066FE10 /* Numerics */ = {
			isa = XCSwiftPackageProductDependency;
			package = D5C9EB7B2EFA10DF0066FE10 /* XCRemoteSwiftPackageReference "swift-numerics" */;
			productName = Numerics;
		};
		D5C9EB802EFA10DF0066FE10 /* RealModule */ = {
			isa = XCSwiftPackageProductDependency;
			package = D5C9EB7B2EFA10DF0066FE10 /* XCRemoteSwiftPackageReference "swift-numerics" */;
			productName = RealModule;
		};
		D5C9EB832EFAC67D0066FE10 /* KeyboardShortcuts */ = {
			isa = XCSwiftPackageProductDependency;
			package = D5C9EB822EFAC63A0066FE10 /* XCRemoteSwiftPackageReference "KeyboardShortcuts" */;
			productName = KeyboardShortcuts;
		};
		D5C9EB9A2EFB69FE0066FE10 /* Sparkle */ = {
			isa = XCSwiftPackageProductDependency;
			package = D5C9EB992EFB69FE0066FE10 /* XCRemoteSwiftPackageReference "Sparkle" */;
			productName = Sparkle;
		};
		D5C9EBAD2EFC968F0066FE10 /* MLXVLM */ = {
			isa = XCSwiftPackageProductDependency;
			package = D573EB142EF9F87900D03FAE /* XCRemoteSwiftPackageReference "mlx-swift-lm" */;
			productName = MLXVLM;
		};
		D5FB7EBF2EF63E3C00F1871A /* Ollama */ = {
			isa = XCSwiftPackageProductDependency;
			package = D5FB7EBE2EF63E3C00F1871A /* XCRemoteSwiftPackageReference "ollama-swift" */;
			productName = Ollama;
		};
/* End XCSwiftPackageProductDependency section */
	};
	rootObject = P01 /* Project object */;
}
