{
  "originHash" : "4f084fff8d6248155109a6c6d9224270a6689167ff4a7487b06ec471c5224a94",
  "pins" : [
    {
      "identity" : "hotkey",
      "kind" : "remoteSourceControl",
      "location" : "https://github.com/soffes/HotKey",
      "state" : {
        "branch" : "main",
        "revision" : "a3cf605d7a96f6ff50e04fcb6dea6e2613cfcbe4"
      }
    },
    {
      "identity" : "ollama-swift",
      "kind" : "remoteSourceControl",
      "location" : "https://github.com/mattt/ollama-swift.git",
      "state" : {
        "revision" : "5c913312ebbccc9ad958ae0ec06e51fede0022ad",
        "version" : "1.8.0"
      }
    }
  ],
  "version" : 3
}
